// !$*UTF8*$!
{
	archiveVersion = 1;
	classes = {
	};
	objectVersion = 77;
	objects = {

/* Begin PBXContainerItemProxy section */
		CE5C615E2F5AF7CF0075157F /* PBXContainerItemProxy */ = {
			isa = PBXContainerItemProxy;
			containerPortal = CE5C61482F5AF7C90075157F /* Project object */;
			proxyType = 1;
			remoteGlobalIDString = CE5C614F2F5AF7C90075157F;
			remoteInfo = ImageCompressor;
		};
		CE5C61682F5AF7CF0075157F /* PBXContainerItemProxy */ = {
			isa = PBXContainerItemProxy;
			containerPortal = CE5C61482F5AF7C90075157F /* Project object */;
			proxyType = 1;
			remoteGlobalIDString = CE5C614F2F5AF7C90075157F;
			remoteInfo = ImageCompressor;
		};
/* End PBXContainerItemProxy section */

/* Begin PBXFileReference section */
		CE5C61502F5AF7C90075157F /* ImageCompressor.app */ = {isa = PBXFileReference; explicitFileType = wrapper.application; includeInIndex = 0; path = ImageCompressor.app; sourceTree = BUILT_PRODUCTS_DIR; };
		CE5C615D2F5AF7CF0075157F /* ImageCompressorTests.xctest */ = {isa = PBXFileReference; explicitFileType = wrapper.cfbundle; includeInIndex = 0; path = ImageCompressorTests.xctest; sourceTree = BUILT_PRODUCTS_DIR; };
		CE5C61672F5AF7CF0075157F /* ImageCompressorUITests.xctest */ = {isa = PBXFileReference; explicitFileType = wrapper.cfbundle; includeInIndex = 0; path = ImageCompressorUITests.xctest; sourceTree = BUILT_PRODUCTS_DIR; };
/* End PBXFileReference section */

/* Begin PBXFileSystemSynchronizedBuildFileExceptionSet section */
		CE5C61812F5AFFD30075157F /* Exceptions for "ImageCompressor" folder in "ImageCompressor" target */ = {
			isa = PBXFileSystemSynchronizedBuildFileExceptionSet;
			membershipExceptions = (
				Info.plist,
			);
			target = CE5C614F2F5AF7C90075157F /* ImageCompressor */;
		};
/* End PBXFileSystemSynchronizedBuildFileExceptionSet section */

/* Begin PBXFileSystemSynchronizedRootGroup section */
		CE5C61522F5AF7C90075157F /* ImageCompressor */ = {
			isa = PBXFileSystemSynchronizedRootGroup;
			exceptions = (
				CE5C61812F5AFFD30075157F /* Exceptions for "ImageCompressor" folder in "ImageCompressor" target */,
			);
			path = ImageCompressor;
			sourceTree = "<group>";
		};
		CE5C61602F5AF7CF0075157F /* ImageCompressorTests */ = {
			isa = PBXFileSystemSynchronizedRootGroup;
			path = ImageCompressorTests;
			sourceTree = "<group>";
		};
		CE5C616A2F5AF7CF0075157F /* ImageCompressorUITests */ = {
			isa = PBXFileSystemSynchronizedRootGroup;
			path = ImageCompressorUITests;
			sourceTree = "<group>";
		};
/* End PBXFileSystemSynchronizedRootGroup section */

/* Begin PBXFrameworksBuildPhase section */
		CE5C614D2F5AF7C90075157F /* Frameworks */ = {
			isa = PBXFrameworksBuildPhase;
			buildActionMask = 2147483647;
			files = (
			);
			runOnlyForDeploymentPostprocessing = 0;
		};
		CE5C615A2F5AF7CE0075157F /* Frameworks */ = {
			isa = PBXFrameworksBuildPhase;
			buildActionMask = 2147483647;
			files = (
			);
			runOnlyForDeploymentPostprocessing = 0;
		};
		CE5C61642F5AF7CF0075157F /* Frameworks */ = {
			isa = PBXFrameworksBuildPhase;
			buildActionMask = 2147483647;
			files = (
			);
			runOnlyForDeploymentPostprocessing = 0;
		};
/* End PBXFrameworksBuildPhase section */

/* Begin PBXGroup section */
		CE5C61472F5AF7C90075157F = {
			isa = PBXGroup;
			children = (
				CE5C61522F5AF7C90075157F /* ImageCompressor */,
				CE5C61602F5AF7CF0075157F /* ImageCompressorTests */,
				CE5C616A2F5AF7CF0075157F /* ImageCompressorUITests */,
				CE5C61512F5AF7C90075157F /* Products */,
			);
			sourceTree = "<group>";
		};
		CE5C61512F5AF7C90075157F /* Products */ = {
			isa = PBXGroup;
			children = (
				CE5C61502F5AF7C90075157F /* ImageCompressor.app */,
				CE5C615D2F5AF7CF0075157F /* ImageCompressorTests.xctest */,
				CE5C61672F5AF7CF0075157F /* ImageCompressorUITests.xctest */,
			);
			name = Products;
			sourceTree = "<group>";
		};
/* End PBXGroup section */

/* Begin PBXNativeTarget section */
		CE5C614F2F5AF7C90075157F /* ImageCompressor */ = {
			isa = PBXNativeTarget;
			buildConfigurationList = CE5C61712F5AF7CF0075157F /* Build configuration list for PBXNativeTarget "ImageCompressor" */;
			buildPhases = (
				CE5C614C2F5AF7C90075157F /* Sources */,
				CE5C614D2F5AF7C90075157F /* Frameworks */,
				CE5C614E2F5AF7C90075157F /* Resources */,
			);
			buildRules = (
			);
			dependencies = (
			);
			fileSystemSynchronizedGroups = (
				CE5C61522F5AF7C90075157F /* ImageCompressor */,
			);
			name = ImageCompressor;
			packageProductDependencies = (
			);
			productName = ImageCompressor;
			productReference = CE5C61502F5AF7C90075157F /* ImageCompressor.app */;
			productType = "com.apple.product-type.application";
		};
		CE5C615C2F5AF7CE0075157F /* ImageCompressorTests */ = {
			isa = PBXNativeTarget;
			buildConfigurationList = CE5C61742F5AF7CF0075157F /* Build configuration list for PBXNativeTarget "ImageCompressorTests" */;
			buildPhases = (
				CE5C61592F5AF7CE0075157F /* Sources */,
				CE5C615A2F5AF7CE0075157F /* Frameworks */,
				CE5C615B2F5AF7CE0075157F /* Resources */,
			);
			buildRules = (
			);
			dependencies = (
				CE5C615F2F5AF7CF0075157F /* PBXTargetDependency */,
			);
			fileSystemSynchronizedGroups = (
				CE5C61602F5AF7CF0075157F /* ImageCompressorTests */,
			);
			name = ImageCompressorTests;
			packageProductDependencies = (
			);
			productName = ImageCompressorTests;
			productReference = CE5C615D2F5AF7CF0075157F /* ImageCompressorTests.xctest */;
			productType = "com.apple.product-type.bundle.unit-test";
		};
		CE5C61662F5AF7CF0075157F /* ImageCompressorUITests */ = {
			isa = PBXNativeTarget;
			buildConfigurationList = CE5C61772F5AF7CF0075157F /* Build configuration list for PBXNativeTarget "ImageCompressorUITests" */;
			buildPhases = (
				CE5C61632F5AF7CF0075157F /* Sources */,
				CE5C61642F5AF7CF0075157F /* Frameworks */,
				CE5C61652F5AF7CF0075157F /* Resources */,
			);
			buildRules = (
			);
			dependencies = (
				CE5C61692F5AF7CF0075157F /* PBXTargetDependency */,
			);
			fileSystemSynchronizedGroups = (
				CE5C616A2F5AF7CF0075157F /* ImageCompressorUITests */,
			);
			name = ImageCompressorUITests;
			packageProductDependencies = (
			);
			productName = ImageCompressorUITests;
			productReference = CE5C61672F5AF7CF0075157F /* ImageCompressorUITests.xctest */;
			productType = "com.apple.product-type.bundle.ui-testing";
		};
/* End PBXNativeTarget section */

/* Begin PBXProject section */
		CE5C61482F5AF7C90075157F /* Project object */ = {
			isa = PBXProject;
			attributes = {
				BuildIndependentTargetsInParallel = 1;
				LastSwiftUpdateCheck = 1640;
				LastUpgradeCheck = 1640;
				TargetAttributes = {
					CE5C614F2F5AF7C90075157F = {
						CreatedOnToolsVersion = 16.4;
					};
					CE5C615C2F5AF7CE0075157F = {
						CreatedOnToolsVersion = 16.4;
						TestTargetID = CE5C614F2F5AF7C90075157F;
					};
					CE5C61662F5AF7CF0075157F = {
						CreatedOnToolsVersion = 16.4;
						TestTargetID = CE5C614F2F5AF7C90075157F;
					};
				};
			};
			buildConfigurationList = CE5C614B2F5AF7C90075157F /* Build configuration list for PBXProject "ImageCompressor" */;
			developmentRegion = en;
			hasScannedForEncodings = 0;
			knownRegions = (
				en,
				Base,
			);
			mainGroup = CE5C61472F5AF7C90075157F;
			minimizedProjectReferenceProxies = 1;
			preferredProjectObjectVersion = 77;
			productRefGroup = CE5C61512F5AF7C90075157F /* Products */;
			projectDirPath = "";
			projectRoot = "";
			targets = (
				CE5C614F2F5AF7C90075157F /* ImageCompressor */,
				CE5C615C2F5AF7CE0075157F /* ImageCompressorTests */,
				CE5C61662F5AF7CF0075157F /* ImageCompressorUITests */,
			);
		};
/* End PBXProject section */

/* Begin PBXResourcesBuildPhase section */
		CE5C614E2F5AF7C90075157F /* Resources */ = {
			isa = PBXResourcesBuildPhase;
			buildActionMask = 2147483647;
			files = (
			);
			runOnlyForDeploymentPostprocessing = 0;
		};
		CE5C615B2F5AF7CE0075157F /* Resources */ = {
			isa = PBXResourcesBuildPhase;
			buildActionMask = 2147483647;
			files = (
			);
			runOnlyForDeploymentPostprocessing = 0;
		};
		CE5C61652F5AF7CF0075157F /* Resources */ = {
			isa = PBXResourcesBuildPhase;
			buildActionMask = 2147483647;
			files = (
			);
			runOnlyForDeploymentPostprocessing = 0;
		};
/* End PBXResourcesBuildPhase section */

/* Begin PBXSourcesBuildPhase section */
		CE5C614C2F5AF7C90075157F /* Sources */ = {
			isa = PBXSourcesBuildPhase;
			buildActionMask = 2147483647;
			files = (
			);
			runOnlyForDeploymentPostprocessing = 0;
		};
		CE5C61592F5AF7CE0075157F /* Sources */ = {
			isa = PBXSourcesBuildPhase;
			buildActionMask = 2147483647;
			files = (
			);
			runOnlyForDeploymentPostprocessing = 0;
		};
		CE5C61632F5AF7CF0075157F /* Sources */ = {
			isa = PBXSourcesBuildPhase;
			buildActionMask = 2147483647;
			files = (
			);
			runOnlyForDeploymentPostprocessing = 0;
		};
/* End PBXSourcesBuildPhase section */

/* Begin PBXTargetDependency section */
		CE5C615F2F5AF7CF0075157F /* PBXTargetDependency */ = {
			isa = PBXTargetDependency;
			target = CE5C614F2F5AF7C90075157F /* ImageCompressor */;
			targetProxy = CE5C615E2F5AF7CF0075157F /* PBXContainerItemProxy */;
		};
		CE5C61692F5AF7CF0075157F /* PBXTargetDependency */ = {
			isa = PBXTargetDependency;
			target = CE5C614F2F5AF7C90075157F /* ImageCompressor */;
			targetProxy = CE5C61682F5AF7CF0075157F /* PBXContainerItemProxy */;
		};
/* End PBXTargetDependency section */

/* Begin XCBuildConfiguration section */
		CE5C616F2F5AF7CF0075157F /* Debug */ = {
			isa = XCBuildConfiguration;
			buildSettings = {
				ALWAYS_SEARCH_USER_PATHS = NO;
				ASSETCATALOG_COMPILER_GENERATE_SWIFT_ASSET_SYMBOL_EXTENSIONS = YES;
				CLANG_ANALYZER_NONNULL = YES;
				CLANG_ANALYZER_NUMBER_OBJECT_CONVERSION = YES_AGGRESSIVE;
				CLANG_CXX_LANGUAGE_STANDARD = "gnu++20";
				CLANG_ENABLE_MODULES = YES;
				CLANG_ENABLE_OBJC_ARC = YES;
				CLANG_ENABLE_OBJC_WEAK = YES;
				CLANG_WARN_BLOCK_CAPTURE_AUTORELEASING = YES;
				CLANG_WARN_BOOL_CONVERSION = YES;
				CLANG_WARN_COMMA = YES;
				CLANG_WARN_CONSTANT_CONVERSION = YES;
				CLANG_WARN_DEPRECATED_OBJC_IMPLEMENTATIONS = YES;
				CLANG_WARN_DIRECT_OBJC_ISA_USAGE = YES_ERROR;
				CLANG_WARN_DOCUMENTATION_COMMENTS = YES;
				CLANG_WARN_EMPTY_BODY = YES;
				CLANG_WARN_ENUM_CONVERSION = YES;
				CLANG_WARN_INFINITE_RECURSION = YES;
				CLANG_WARN_INT_CONVERSION = YES;
				CLANG_WARN_NON_LITERAL_NULL_CONVERSION = YES;
				CLANG_WARN_OBJC_IMPLICIT_RETAIN_SELF = YES;
				CLANG_WARN_OBJC_LITERAL_CONVERSION = YES;
				CLANG_WARN_OBJC_ROOT_CLASS = YES_ERROR;
				CLANG_WARN_QUOTED_INCLUDE_IN_FRAMEWORK_HEADER = YES;
				CLANG_WARN_RANGE_LOOP_ANALYSIS = YES;
				CLANG_WARN_STRICT_PROTOTYPES = YES;
				CLANG_WARN_SUSPICIOUS_MOVE = YES;
				CLANG_WARN_UNGUARDED_AVAILABILITY = YES_AGGRESSIVE;
				CLANG_WARN_UNREACHABLE_CODE = YES;
				CLANG_WARN__DUPLICATE_METHOD_MATCH = YES;
				COPY_PHASE_STRIP = NO;
				DEBUG_INFORMATION_FORMAT = dwarf;
				DEVELOPMENT_TEAM = MS53M5RHJT;
				ENABLE_STRICT_OBJC_MSGSEND = YES;
				ENABLE_TESTABILITY = YES;
				ENABLE_USER_SCRIPT_SANDBOXING = YES;
				GCC_C_LANGUAGE_STANDARD = gnu17;
				GCC_DYNAMIC_NO_PIC = NO;
				GCC_NO_COMMON_BLOCKS = YES;
				GCC_OPTIMIZATION_LEVEL = 0;
				GCC_PREPROCESSOR_DEFINITIONS = (
					"DEBUG=1",
					"$(inherited)",
				);
				GCC_WARN_64_TO_32_BIT_CONVERSION = YES;
				GCC_WARN_ABOUT_RETURN_TYPE = YES_ERROR;
				GCC_WARN_UNDECLARED_SELECTOR = YES;
				GCC_WARN_UNINITIALIZED_AUTOS = YES_AGGRESSIVE;
				GCC_WARN_UNUSED_FUNCTION = YES;
				GCC_WARN_UNUSED_VARIABLE = YES;
				IPHONEOS_DEPLOYMENT_TARGET = 18.5;
				LOCALIZATION_PREFERS_STRING_CATALOGS = YES;
				MTL_ENABLE_DEBUG_INFO = INCLUDE_SOURCE;
				MTL_FAST_MATH = YES;
				ONLY_ACTIVE_ARCH = YES;
				SDKROOT = iphoneos;
				SWIFT_ACTIVE_COMPILATION_CONDITIONS = "DEBUG $(inherited)";
				SWIFT_OPTIMIZATION_LEVEL = "-Onone";
			};
			name = Debug;
		};
		CE5C61702F5AF7CF0075157F /* Release */ = {
			isa = XCBuildConfiguration;
			buildSettings = {
				ALWAYS_SEARCH_USER_PATHS = NO;
				ASSETCATALOG_COMPILER_GENERATE_SWIFT_ASSET_SYMBOL_EXTENSIONS = YES;
				CLANG_ANALYZER_NONNULL = YES;
				CLANG_ANALYZER_NUMBER_OBJECT_CONVERSION = YES_AGGRESSIVE;
				CLANG_CXX_LANGUAGE_STANDARD = "gnu++20";
				CLANG_ENABLE_MODULES = YES;
				CLANG_ENABLE_OBJC_ARC = YES;
				CLANG_ENABLE_OBJC_WEAK = YES;
				CLANG_WARN_BLOCK_CAPTURE_AUTORELEASING = YES;
				CLANG_WARN_BOOL_CONVERSION = YES;
				CLANG_WARN_COMMA = YES;
				CLANG_WARN_CONSTANT_CONVERSION = YES;
				CLANG_WARN_DEPRECATED_OBJC_IMPLEMENTATIONS = YES;
				CLANG_WARN_DIRECT_OBJC_ISA_USAGE = YES_ERROR;
				CLANG_WARN_DOCUMENTATION_COMMENTS = YES;
				CLANG_WARN_EMPTY_BODY = YES;
				CLANG_WARN_ENUM_CONVERSION = YES;
				CLANG_WARN_INFINITE_RECURSION = YES;
				CLANG_WARN_INT_CONVERSION = YES;
				CLANG_WARN_NON_LITERAL_NULL_CONVERSION = YES;
				CLANG_WARN_OBJC_IMPLICIT_RETAIN_SELF = YES;
				CLANG_WARN_OBJC_LITERAL_CONVERSION = YES;
				CLANG_WARN_OBJC_ROOT_CLASS = YES_ERROR;
				CLANG_WARN_QUOTED_INCLUDE_IN_FRAMEWORK_HEADER = YES;
				CLANG_WARN_RANGE_LOOP_ANALYSIS = YES;
				CLANG_WARN_STRICT_PROTOTYPES = YES;
				CLANG_WARN_SUSPICIOUS_MOVE = YES;
				CLANG_WARN_UNGUARDED_AVAILABILITY = YES_AGGRESSIVE;
				CLANG_WARN_UNREACHABLE_CODE = YES;
				CLANG_WARN__DUPLICATE_METHOD_MATCH = YES;
				COPY_PHASE_STRIP = NO;
				DEBUG_INFORMATION_FORMAT = "dwarf-with-dsym";
				DEVELOPMENT_TEAM = MS53M5RHJT;
				ENABLE_NS_ASSERTIONS = NO;
				ENABLE_STRICT_OBJC_MSGSEND = YES;
				ENABLE_USER_SCRIPT_SANDBOXING = YES;
				GCC_C_LANGUAGE_STANDARD = gnu17;
				GCC_NO_COMMON_BLOCKS = YES;
				GCC_WARN_64_TO_32_BIT_CONVERSION = YES;
				GCC_WARN_ABOUT_RETURN_TYPE = YES_ERROR;
				GCC_WARN_UNDECLARED_SELECTOR = YES;
				GCC_WARN_UNINITIALIZED_AUTOS = YES_AGGRESSIVE;
				GCC_WARN_UNUSED_FUNCTION = YES;
				GCC_WARN_UNUSED_VARIABLE = YES;
				IPHONEOS_DEPLOYMENT_TARGET = 18.5;
				LOCALIZATION_PREFERS_STRING_CATALOGS = YES;
				MTL_ENABLE_DEBUG_INFO = NO;
				MTL_FAST_MATH = YES;
				SDKROOT = iphoneos;
				SWIFT_COMPILATION_MODE = wholemodule;
				VALIDATE_PRODUCT = YES;
			};
			name = Release;
		};
		CE5C61722F5AF7CF0075157F /* Debug */ = {
			isa = XCBuildConfiguration;
			buildSettings = {
				ASSETCATALOG_COMPILER_APPICON_NAME = AppIcon;
				ASSETCATALOG_COMPILER_GLOBAL_ACCENT_COLOR_NAME = AccentColor;
				CODE_SIGN_STYLE = Automatic;
				CURRENT_PROJECT_VERSION = 1;
				DEVELOPMENT_TEAM = MS53M5RHJT;
				ENABLE_PREVIEWS = YES;
				GENERATE_INFOPLIST_FILE = YES;
				INFOPLIST_FILE = ImageCompressor/Info.plist;
				INFOPLIST_KEY_NSCameraUsageDescription = "This app needs access to the camera to capture photos for compression.";
				INFOPLIST_KEY_NSPhotoLibraryAddUsageDescription = "This app needs permission to save compressed images to your photo library.";
				INFOPLIST_KEY_NSPhotoLibraryUsageDescription = "This app needs access to your photo library so you can select images to compress.";
				INFOPLIST_KEY_UIApplicationSceneManifest_Generation = YES;
				INFOPLIST_KEY_UIApplicationSupportsIndirectInputEvents = YES;
				INFOPLIST_KEY_UILaunchScreen_Generation = YES;
				INFOPLIST_KEY_UISupportedInterfaceOrientations_iPad = "UIInterfaceOrientationPortrait UIInterfaceOrientationPortraitUpsideDown UIInterfaceOrientationLandscapeLeft UIInterfaceOrientationLandscapeRight";
				INFOPLIST_KEY_UISupportedInterfaceOrientations_iPhone = "UIInterfaceOrientationPortrait UIInterfaceOrientationLandscapeLeft UIInterfaceOrientationLandscapeRight";
				LD_RUNPATH_SEARCH_PATHS = (
					"$(inherited)",
					"@executable_path/Frameworks",
				);
				MARKETING_VERSION = 1.0;
				PRODUCT_BUNDLE_IDENTIFIER = Rafid.ImageCompressor;
				PRODUCT_NAME = "$(TARGET_NAME)";
				SWIFT_EMIT_LOC_STRINGS = YES;
				SWIFT_VERSION = 5.0;
				TARGETED_DEVICE_FAMILY = "1,2";
			};
			name = Debug;
		};
		CE5C61732F5AF7CF0075157F /* Release */ = {
			isa = XCBuildConfiguration;
			buildSettings = {
				ASSETCATALOG_COMPILER_APPICON_NAME = AppIcon;
				ASSETCATALOG_COMPILER_GLOBAL_ACCENT_COLOR_NAME = AccentColor;
				CODE_SIGN_STYLE = Automatic;
				CURRENT_PROJECT_VERSION = 1;
				DEVELOPMENT_TEAM = MS53M5RHJT;
				ENABLE_PREVIEWS = YES;
				GENERATE_INFOPLIST_FILE = YES;
				INFOPLIST_FILE = ImageCompressor/Info.plist;
				INFOPLIST_KEY_NSCameraUsageDescription = "This app needs access to the camera to capture photos for compression.";
				INFOPLIST_KEY_NSPhotoLibraryAddUsageDescription = "This app needs permission to save compressed images to your photo library.";
				INFOPLIST_KEY_NSPhotoLibraryUsageDescription = "This app needs access to your photo library so you can select images to compress.";
				INFOPLIST_KEY_UIApplicationSceneManifest_Generation = YES;
				INFOPLIST_KEY_UIApplicationSupportsIndirectInputEvents = YES;
				INFOPLIST_KEY_UILaunchScreen_Generation = YES;
				INFOPLIST_KEY_UISupportedInterfaceOrientations_iPad = "UIInterfaceOrientationPortrait UIInterfaceOrientationPortraitUpsideDown UIInterfaceOrientationLandscapeLeft UIInterfaceOrientationLandscapeRight";
				INFOPLIST_KEY_UISupportedInterfaceOrientations_iPhone = "UIInterfaceOrientationPortrait UIInterfaceOrientationLandscapeLeft UIInterfaceOrientationLandscapeRight";
				LD_RUNPATH_SEARCH_PATHS = (
					"$(inherited)",
					"@executable_path/Frameworks",
				);
				MARKETING_VERSION = 1.0;
				PRODUCT_BUNDLE_IDENTIFIER = Rafid.ImageCompressor;
				PRODUCT_NAME = "$(TARGET_NAME)";
				SWIFT_EMIT_LOC_STRINGS = YES;
				SWIFT_VERSION = 5.0;
				TARGETED_DEVICE_FAMILY = "1,2";
			};
			name = Release;
		};
		CE5C61752F5AF7CF0075157F /* Debug */ = {
			isa = XCBuildConfiguration;
			buildSettings = {
				BUNDLE_LOADER = "$(TEST_HOST)";
				CODE_SIGN_STYLE = Automatic;
				CURRENT_PROJECT_VERSION = 1;
				DEVELOPMENT_TEAM = MS53M5RHJT;
				GENERATE_INFOPLIST_FILE = YES;
				IPHONEOS_DEPLOYMENT_TARGET = 18.5;
				MARKETING_VERSION = 1.0;
				PRODUCT_BUNDLE_IDENTIFIER = Rafid.ImageCompressorTests;
				PRODUCT_NAME = "$(TARGET_NAME)";
				SWIFT_EMIT_LOC_STRINGS = NO;
				SWIFT_VERSION = 5.0;
				TARGETED_DEVICE_FAMILY = "1,2";
				TEST_HOST = "$(BUILT_PRODUCTS_DIR)/ImageCompressor.app/$(BUNDLE_EXECUTABLE_FOLDER_PATH)/ImageCompressor";
			};
			name = Debug;
		};
		CE5C61762F5AF7CF0075157F /* Release */ = {
			isa = XCBuildConfiguration;
			buildSettings = {
				BUNDLE_LOADER = "$(TEST_HOST)";
				CODE_SIGN_STYLE = Automatic;
				CURRENT_PROJECT_VERSION = 1;
				DEVELOPMENT_TEAM = MS53M5RHJT;
				GENERATE_INFOPLIST_FILE = YES;
				IPHONEOS_DEPLOYMENT_TARGET = 18.5;
				MARKETING_VERSION = 1.0;
				PRODUCT_BUNDLE_IDENTIFIER = Rafid.ImageCompressorTests;
				PRODUCT_NAME = "$(TARGET_NAME)";
				SWIFT_EMIT_LOC_STRINGS = NO;
				SWIFT_VERSION = 5.0;
				TARGETED_DEVICE_FAMILY = "1,2";
				TEST_HOST = "$(BUILT_PRODUCTS_DIR)/ImageCompressor.app/$(BUNDLE_EXECUTABLE_FOLDER_PATH)/ImageCompressor";
			};
			name = Release;
		};
		CE5C61782F5AF7CF0075157F /* Debug */ = {
			isa = XCBuildConfiguration;
			buildSettings = {
				CODE_SIGN_STYLE = Automatic;
				CURRENT_PROJECT_VERSION = 1;
				DEVELOPMENT_TEAM = MS53M5RHJT;
				GENERATE_INFOPLIST_FILE = YES;
				MARKETING_VERSION = 1.0;
				PRODUCT_BUNDLE_IDENTIFIER = Rafid.ImageCompressorUITests;
				PRODUCT_NAME = "$(TARGET_NAME)";
				SWIFT_EMIT_LOC_STRINGS = NO;
				SWIFT_VERSION = 5.0;
				TARGETED_DEVICE_FAMILY = "1,2";
				TEST_TARGET_NAME = ImageCompressor;
			};
			name = Debug;
		};
		CE5C61792F5AF7CF0075157F /* Release */ = {
			isa = XCBuildConfiguration;
			buildSettings = {
				CODE_SIGN_STYLE = Automatic;
				CURRENT_PROJECT_VERSION = 1;
				DEVELOPMENT_TEAM = MS53M5RHJT;
				GENERATE_INFOPLIST_FILE = YES;
				MARKETING_VERSION = 1.0;
				PRODUCT_BUNDLE_IDENTIFIER = Rafid.ImageCompressorUITests;
				PRODUCT_NAME = "$(TARGET_NAME)";
				SWIFT_EMIT_LOC_STRINGS = NO;
				SWIFT_VERSION = 5.0;
				TARGETED_DEVICE_FAMILY = "1,2";
				TEST_TARGET_NAME = ImageCompressor;
			};
			name = Release;
		};
/* End XCBuildConfiguration section */

/* Begin XCConfigurationList section */
		CE5C614B2F5AF7C90075157F /* Build configuration list for PBXProject "ImageCompressor" */ = {
			isa = XCConfigurationList;
			buildConfigurations = (
				CE5C616F2F5AF7CF0075157F /* Debug */,
				CE5C61702F5AF7CF0075157F /* Release */,
			);
			defaultConfigurationIsVisible = 0;
			defaultConfigurationName = Release;
		};
		CE5C61712F5AF7CF0075157F /* Build configuration list for PBXNativeTarget "ImageCompressor" */ = {
			isa = XCConfigurationList;
			buildConfigurations = (
				CE5C61722F5AF7CF0075157F /* Debug */,
				CE5C61732F5AF7CF0075157F /* Release */,
			);
			defaultConfigurationIsVisible = 0;
			defaultConfigurationName = Release;
		};
		CE5C61742F5AF7CF0075157F /* Build configuration list for PBXNativeTarget "ImageCompressorTests" */ = {
			isa = XCConfigurationList;
			buildConfigurations = (
				CE5C61752F5AF7CF0075157F /* Debug */,
				CE5C61762F5AF7CF0075157F /* Release */,
			);
			defaultConfigurationIsVisible = 0;
			defaultConfigurationName = Release;
		};
		CE5C61772F5AF7CF0075157F /* Build configuration list for PBXNativeTarget "ImageCompressorUITests" */ = {
			isa = XCConfigurationList;
			buildConfigurations = (
				CE5C61782F5AF7CF0075157F /* Debug */,
				CE5C61792F5AF7CF0075157F /* Release */,
			);
			defaultConfigurationIsVisible = 0;
			defaultConfigurationName = Release;
		};
/* End XCConfigurationList section */
	};
	rootObject = CE5C61482F5AF7C90075157F /* Project object */;
}
